
Microsoft Visual Studio Solution File, Format Version 12.00
# Visual Studio 2013
VisualStudioVersion = 12.0.40629.0
MinimumVisualStudioVersion = 10.0.40219.1
Project("{FAE04EC0-301F-11D3-BF4B-00C04F79EFBC}") = "VirtualMethodsDispatching", "VirtualMethodsDispatching\VirtualMethodsDispatching.csproj", "{0DEE773E-2400-426C-90CA-2C7B3EC30B82}"
EndProject
Project("{FAE04EC0-301F-11D3-BF4B-00C04F79EFBC}") = "InterfaceMethodsDispatching", "InterfaceMethodsDispatching\InterfaceMethodsDispatching.csproj", "{0F2F5B4C-8F3D-4C35-8216-A3522EE577BC}"
EndProject
Project("{FAE04EC0-301F-11D3-BF4B-00C04F79EFBC}") = "GenericMethodsDispatching", "GenericMethodsDispatching\GenericMethodsDispatching.csproj", "{BF354874-77CD-436B-A9F6-DE3BEF5B247C}"
EndProject
Project("{FAE04EC0-301F-11D3-BF4B-00C04F79EFBC}") = "EnumerableBenchmark", "EnumerableBenchmark\EnumerableBenchmark.csproj", "{5E201755-2583-49DB-82C9-5DC720C0D106}"
EndProject
Project("{FAE04EC0-301F-11D3-BF4B-00C04F79EFBC}") = "WriteBarrierBenchmark", "WriteBarrierBenchmark\WriteBarrierBenchmark.csproj", "{7494D70D-9E85-42FC-BFC0-FE5221A42D95}"
EndProject
Global
	GlobalSection(SolutionConfigurationPlatforms) = preSolution
		Debug|Any CPU = Debug|Any CPU
		Release|Any CPU = Release|Any CPU
	EndGlobalSection
	GlobalSection(ProjectConfigurationPlatforms) = postSolution
		{0DEE773E-2400-426C-90CA-2C7B3EC30B82}.Debug|Any CPU.ActiveCfg = Debug|Any CPU
		{0DEE773E-2400-426C-90CA-2C7B3EC30B82}.Debug|Any CPU.Build.0 = Debug|Any CPU
		{0DEE773E-2400-426C-90CA-2C7B3EC30B82}.Release|Any CPU.ActiveCfg = Release|Any CPU
		{0DEE773E-2400-426C-90CA-2C7B3EC30B82}.Release|Any CPU.Build.0 = Release|Any CPU
		{0F2F5B4C-8F3D-4C35-8216-A3522EE577BC}.Debug|Any CPU.ActiveCfg = Debug|Any CPU
		{0F2F5B4C-8F3D-4C35-8216-A3522EE577BC}.Debug|Any CPU.Build.0 = Debug|Any CPU
		{0F2F5B4C-8F3D-4C35-8216-A3522EE577BC}.Release|Any CPU.ActiveCfg = Release|Any CPU
		{0F2F5B4C-8F3D-4C35-8216-A3522EE577BC}.Release|Any CPU.Build.0 = Release|Any CPU
		{BF354874-77CD-436B-A9F6-DE3BEF5B247C}.Debug|Any CPU.ActiveCfg = Debug|Any CPU
		{BF354874-77CD-436B-A9F6-DE3BEF5B247C}.Debug|Any CPU.Build.0 = Debug|Any CPU
		{BF354874-77CD-436B-A9F6-DE3BEF5B247C}.Release|Any CPU.ActiveCfg = Release|Any CPU
		{BF354874-77CD-436B-A9F6-DE3BEF5B247C}.Release|Any CPU.Build.0 = Release|Any CPU
		{5E201755-2583-49DB-82C9-5DC720C0D106}.Debug|Any CPU.ActiveCfg = Debug|Any CPU
		{5E201755-2583-49DB-82C9-5DC720C0D106}.Debug|Any CPU.Build.0 = Debug|Any CPU
		{5E201755-2583-49DB-82C9-5DC720C0D106}.Release|Any CPU.ActiveCfg = Release|Any CPU
		{5E201755-2583-49DB-82C9-5DC720C0D106}.Release|Any CPU.Build.0 = Release|Any CPU
		{7494D70D-9E85-42FC-BFC0-FE5221A42D95}.Debug|Any CPU.ActiveCfg = Debug|Any CPU
		{7494D70D-9E85-42FC-BFC0-FE5221A42D95}.Debug|Any CPU.Build.0 = Debug|Any CPU
		{7494D70D-9E85-42FC-BFC0-FE5221A42D95}.Release|Any CPU.ActiveCfg = Release|Any CPU
		{7494D70D-9E85-42FC-BFC0-FE5221A42D95}.Release|Any CPU.Build.0 = Release|Any CPU
	EndGlobalSection
	GlobalSection(SolutionProperties) = preSolution
		HideSolutionNode = FALSE
	EndGlobalSection
EndGlobal
